
Microsoft Visual Studio Solution File, Format Version 12.00
# Visual Studio Version 17
VisualStudioVersion = 17.0.31919.166
MinimumVisualStudioVersion = 10.0.40219.1
Project("{9A19103F-16F7-4668-BE54-9A1E7A4F7556}") = "EventAttendee", "EventAttendee\EventAttendee.csproj", "{3FAA2230-8B38-43A0-AFD2-5A7A97072C2D}"
EndProject
Project("{FAE04EC0-301F-11D3-BF4B-00C04F79EFBC}") = "EventAttendee.Test", "EventAttendee.Test\EventAttendee.Test.csproj", "{5521B797-1082-4D65-B814-21EF35D75967}"
EndProject
Global
	GlobalSection(SolutionConfigurationPlatforms) = preSolution
		Debug|Any CPU = Debug|Any CPU
		Release|Any CPU = Release|Any CPU
	EndGlobalSection
	GlobalSection(ProjectConfigurationPlatforms) = postSolution
		{3FAA2230-8B38-43A0-AFD2-5A7A97072C2D}.Debug|Any CPU.ActiveCfg = Debug|Any CPU
		{3FAA2230-8B38-43A0-AFD2-5A7A97072C2D}.Debug|Any CPU.Build.0 = Debug|Any CPU
		{3FAA2230-8B38-43A0-AFD2-5A7A97072C2D}.Release|Any CPU.ActiveCfg = Release|Any CPU
		{3FAA2230-8B38-43A0-AFD2-5A7A97072C2D}.Release|Any CPU.Build.0 = Release|Any CPU
		{5521B797-1082-4D65-B814-21EF35D75967}.Debug|Any CPU.ActiveCfg = Debug|Any CPU
		{5521B797-1082-4D65-B814-21EF35D75967}.Debug|Any CPU.Build.0 = Debug|Any CPU
		{5521B797-1082-4D65-B814-21EF35D75967}.Release|Any CPU.ActiveCfg = Release|Any CPU
		{5521B797-1082-4D65-B814-21EF35D75967}.Release|Any CPU.Build.0 = Release|Any CPU
	EndGlobalSection
	GlobalSection(SolutionProperties) = preSolution
		HideSolutionNode = FALSE
	EndGlobalSection
	GlobalSection(ExtensibilityGlobals) = postSolution
		SolutionGuid = {1CB36A7A-6AF7-499F-A4E2-972F34C096A4}
	EndGlobalSection
EndGlobal
